
Microsoft Visual Studio Solution File, Format Version 12.00
# Visual Studio Version 17
VisualStudioVersion = 17.11.35017.193
MinimumVisualStudioVersion = 10.0.40219.1
Project("{9A19103F-16F7-4668-BE54-9A1E7A4F7556}") = "PublisherConsole", "PublisherConsole\PublisherConsole.csproj", "{1BAFDF7F-2F8F-4795-AD13-4A2FB981F21E}"
EndProject
Project("{9A19103F-16F7-4668-BE54-9A1E7A4F7556}") = "PublisherDomain", "PublisherDomain\PublisherDomain.csproj", "{458591B9-8F96-48E8-8C9B-47CBA459DEEA}"
EndProject
Project("{9A19103F-16F7-4668-BE54-9A1E7A4F7556}") = "PublisherData", "PublisherData\PublisherData.csproj", "{F3D6FC78-09E3-4310-B261-CB19B8F9AB05}"
EndProject
Project("{FAE04EC0-301F-11D3-BF4B-00C04F79EFBC}") = "PubAPI", "PubAPI\PubAPI.csproj", "{288C652A-87A3-4F3F-964A-A3FFA7232A67}"
EndProject
Global
	GlobalSection(SolutionConfigurationPlatforms) = preSolution
		Debug|Any CPU = Debug|Any CPU
		Release|Any CPU = Release|Any CPU
	EndGlobalSection
	GlobalSection(ProjectConfigurationPlatforms) = postSolution
		{1BAFDF7F-2F8F-4795-AD13-4A2FB981F21E}.Debug|Any CPU.ActiveCfg = Debug|Any CPU
		{1BAFDF7F-2F8F-4795-AD13-4A2FB981F21E}.Debug|Any CPU.Build.0 = Debug|Any CPU
		{1BAFDF7F-2F8F-4795-AD13-4A2FB981F21E}.Release|Any CPU.ActiveCfg = Release|Any CPU
		{1BAFDF7F-2F8F-4795-AD13-4A2FB981F21E}.Release|Any CPU.Build.0 = Release|Any CPU
		{458591B9-8F96-48E8-8C9B-47CBA459DEEA}.Debug|Any CPU.ActiveCfg = Debug|Any CPU
		{458591B9-8F96-48E8-8C9B-47CBA459DEEA}.Debug|Any CPU.Build.0 = Debug|Any CPU
		{458591B9-8F96-48E8-8C9B-47CBA459DEEA}.Release|Any CPU.ActiveCfg = Release|Any CPU
		{458591B9-8F96-48E8-8C9B-47CBA459DEEA}.Release|Any CPU.Build.0 = Release|Any CPU
		{F3D6FC78-09E3-4310-B261-CB19B8F9AB05}.Debug|Any CPU.ActiveCfg = Debug|Any CPU
		{F3D6FC78-09E3-4310-B261-CB19B8F9AB05}.Debug|Any CPU.Build.0 = Debug|Any CPU
		{F3D6FC78-09E3-4310-B261-CB19B8F9AB05}.Release|Any CPU.ActiveCfg = Release|Any CPU
		{F3D6FC78-09E3-4310-B261-CB19B8F9AB05}.Release|Any CPU.Build.0 = Release|Any CPU
		{288C652A-87A3-4F3F-964A-A3FFA7232A67}.Debug|Any CPU.ActiveCfg = Debug|Any CPU
		{288C652A-87A3-4F3F-964A-A3FFA7232A67}.Debug|Any CPU.Build.0 = Debug|Any CPU
		{288C652A-87A3-4F3F-964A-A3FFA7232A67}.Release|Any CPU.ActiveCfg = Release|Any CPU
		{288C652A-87A3-4F3F-964A-A3FFA7232A67}.Release|Any CPU.Build.0 = Release|Any CPU
	EndGlobalSection
	GlobalSection(SolutionProperties) = preSolution
		HideSolutionNode = FALSE
	EndGlobalSection
	GlobalSection(ExtensibilityGlobals) = postSolution
		SolutionGuid = {68321B28-8EBC-476B-96A7-93E902E09360}
	EndGlobalSection
EndGlobal
